
Microsoft Visual Studio Solution File, Format Version 12.00
# Visual Studio Version 17
VisualStudioVersion = 17.14.36203.30 d17.14
MinimumVisualStudioVersion = 10.0.40219.1
Project("{FAE04EC0-301F-11D3-BF4B-00C04F79EFBC}") = "FantasyQuest", "FantasyQuest\FantasyQuest.csproj", "{31374AB0-56EF-42B3-B151-239ABB19A2B5}"
EndProject
Global
	GlobalSection(SolutionConfigurationPlatforms) = preSolution
		Debug|Any CPU = Debug|Any CPU
		Release|Any CPU = Release|Any CPU
	EndGlobalSection
	GlobalSection(ProjectConfigurationPlatforms) = postSolution
		{31374AB0-56EF-42B3-B151-239ABB19A2B5}.Debug|Any CPU.ActiveCfg = Debug|Any CPU
		{31374AB0-56EF-42B3-B151-239ABB19A2B5}.Debug|Any CPU.Build.0 = Debug|Any CPU
		{31374AB0-56EF-42B3-B151-239ABB19A2B5}.Release|Any CPU.ActiveCfg = Release|Any CPU
		{31374AB0-56EF-42B3-B151-239ABB19A2B5}.Release|Any CPU.Build.0 = Release|Any CPU
	EndGlobalSection
	GlobalSection(SolutionProperties) = preSolution
		HideSolutionNode = FALSE
	EndGlobalSection
	GlobalSection(ExtensibilityGlobals) = postSolution
		SolutionGuid = {E4ABE77F-B2B4-4A35-AC06-7B54525BA2F1}
	EndGlobalSection
EndGlobal
